PODS:
  - SDWebImage (4.4.3):
    - SDWebImage/Core (= 4.4.3)
  - SDWebImage/Core (4.4.3)

DEPENDENCIES:
  - SDWebImage (~> 4.0)

SPEC REPOS:
  https://github.com/cocoapods/specs.git:
    - SDWebImage

SPEC CHECKSUMS:
  SDWebImage: c5594f1a19c48d526d321e548902b56b479cd508

PODFILE CHECKSUM: ab8e06379049208b5414c571dc63f378d7cdc641

COCOAPODS: 1.5.3
