// !$*UTF8*$!
{
	archiveVersion = 1;
	classes = {
	};
	objectVersion = 50;
	objects = {

/* Begin PBXBuildFile section */
		665127DA1C2EE4F3885A4852 /* Pods_NearDiscovery.framework in Frameworks */ = {isa = PBXBuildFile; fileRef = 5E59C1512F8A4D20250E92D0 /* Pods_NearDiscovery.framework */; };
		9501E6CB21CA3F8A00B15629 /* PlaceMarker.swift in Sources */ = {isa = PBXBuildFile; fileRef = 9501E6CA21CA3F8A00B15629 /* PlaceMarker.swift */; };
		950D315B21E4A34D0057D642 /* SecondMapViewController.swift in Sources */ = {isa = PBXBuildFile; fileRef = 950D315A21E4A34D0057D642 /* SecondMapViewController.swift */; };
		95163AFE21EDF45600095614 /* MarkedLocationTableViewCell.swift in Sources */ = {isa = PBXBuildFile; fileRef = 95163AFD21EDF45600095614 /* MarkedLocationTableViewCell.swift */; };
		95163B0021EDF64E00095614 /* MarkedLocationTableViewCell.xib in Resources */ = {isa = PBXBuildFile; fileRef = 95163AFF21EDF64E00095614 /* MarkedLocationTableViewCell.xib */; };
		951AA04921DA25E000F2E4FC /* NearbyPlacesListViewController.swift in Sources */ = {isa = PBXBuildFile; fileRef = 951AA04821DA25E000F2E4FC /* NearbyPlacesListViewController.swift */; };
		951AA04C21DA5A5F00F2E4FC /* NearbyPlacesTableViewCell.swift in Sources */ = {isa = PBXBuildFile; fileRef = 951AA04B21DA5A5F00F2E4FC /* NearbyPlacesTableViewCell.swift */; };
		953122ED21CA82EB007FCADC /* HomePageView.swift in Sources */ = {isa = PBXBuildFile; fileRef = 953122EC21CA82EB007FCADC /* HomePageView.swift */; };
		953122F221CA8EA7007FCADC /* URLSessionFake.swift in Sources */ = {isa = PBXBuildFile; fileRef = 953122F121CA8EA7007FCADC /* URLSessionFake.swift */; };
		953122F421CA8ED3007FCADC /* FakeResponseData.swift in Sources */ = {isa = PBXBuildFile; fileRef = 953122F321CA8ED3007FCADC /* FakeResponseData.swift */; };
		953269AE21D5101400DCE5C8 /* PlaceSearch.swift in Sources */ = {isa = PBXBuildFile; fileRef = 953269AD21D5101400DCE5C8 /* PlaceSearch.swift */; };
		954A980421DE06B000AE2D8B /* PlaceDetails.swift in Sources */ = {isa = PBXBuildFile; fileRef = 954A980321DE06B000AE2D8B /* PlaceDetails.swift */; };
		954A980621DE06C200AE2D8B /* GooglePlacesDetailsService.swift in Sources */ = {isa = PBXBuildFile; fileRef = 954A980521DE06C200AE2D8B /* GooglePlacesDetailsService.swift */; };
		954A980821DE06FE00AE2D8B /* GooglePlacesSearchService.swift in Sources */ = {isa = PBXBuildFile; fileRef = 954A980721DE06FE00AE2D8B /* GooglePlacesSearchService.swift */; };
		954A980A21DE18B700AE2D8B /* PlaceDetailsViewController.swift in Sources */ = {isa = PBXBuildFile; fileRef = 954A980921DE18B700AE2D8B /* PlaceDetailsViewController.swift */; };
		954A980C21DE18E400AE2D8B /* PlaceDetailsView.swift in Sources */ = {isa = PBXBuildFile; fileRef = 954A980B21DE18E400AE2D8B /* PlaceDetailsView.swift */; };
		954A980E21DE486700AE2D8B /* Date.swift in Sources */ = {isa = PBXBuildFile; fileRef = 954A980D21DE486700AE2D8B /* Date.swift */; };
		954A981021DE496800AE2D8B /* MapViewController.swift in Sources */ = {isa = PBXBuildFile; fileRef = 954A980F21DE496800AE2D8B /* MapViewController.swift */; };
		9552F08021C7EE1D00BBBB03 /* Constants.swift in Sources */ = {isa = PBXBuildFile; fileRef = 9552F07F21C7EE1D00BBBB03 /* Constants.swift */; };
		9578AD2B21D7BEF700D2FE18 /* EncodeSansExpanded-ExtraBold.ttf in Resources */ = {isa = PBXBuildFile; fileRef = 9578AD2A21D7BBDF00D2FE18 /* EncodeSansExpanded-ExtraBold.ttf */; };
		9587402E21C3FB2800489865 /* AppDelegate.swift in Sources */ = {isa = PBXBuildFile; fileRef = 9587402D21C3FB2800489865 /* AppDelegate.swift */; };
		9587403321C3FB2800489865 /* Main.storyboard in Resources */ = {isa = PBXBuildFile; fileRef = 9587403121C3FB2800489865 /* Main.storyboard */; };
		9587403521C3FB2900489865 /* Assets.xcassets in Resources */ = {isa = PBXBuildFile; fileRef = 9587403421C3FB2900489865 /* Assets.xcassets */; };
		9587403821C3FB2900489865 /* LaunchScreen.storyboard in Resources */ = {isa = PBXBuildFile; fileRef = 9587403621C3FB2900489865 /* LaunchScreen.storyboard */; };
		9587405221C3FE2500489865 /* HomePageViewController.swift in Sources */ = {isa = PBXBuildFile; fileRef = 9587405121C3FE2500489865 /* HomePageViewController.swift */; };
		9590E5FD21C950B00016A77F /* UIViewController.swift in Sources */ = {isa = PBXBuildFile; fileRef = 9590E5FC21C950B00016A77F /* UIViewController.swift */; };
		959DFDCF21EF750500D1F57F /* ImageTableViewCell.swift in Sources */ = {isa = PBXBuildFile; fileRef = 959DFDCE21EF750500D1F57F /* ImageTableViewCell.swift */; };
		959DFDD121EF752100D1F57F /* NameAdressRatingLabelsTableViewCell.swift in Sources */ = {isa = PBXBuildFile; fileRef = 959DFDD021EF752100D1F57F /* NameAdressRatingLabelsTableViewCell.swift */; };
		959DFDD421EF756B00D1F57F /* ScheduleTextViewOpenStateLabelTableViewCell.swift in Sources */ = {isa = PBXBuildFile; fileRef = 959DFDD321EF756B00D1F57F /* ScheduleTextViewOpenStateLabelTableViewCell.swift */; };
		959DFDD621EF758700D1F57F /* DiscoverButtonTableViewCell.swift in Sources */ = {isa = PBXBuildFile; fileRef = 959DFDD521EF758700D1F57F /* DiscoverButtonTableViewCell.swift */; };
		959DFDD821EF75B700D1F57F /* CallShareFavoriteWebsiteButtonsTableViewCell.swift in Sources */ = {isa = PBXBuildFile; fileRef = 959DFDD721EF75B700D1F57F /* CallShareFavoriteWebsiteButtonsTableViewCell.swift */; };
		95A16B8121E4F18F00C6B35D /* Location.xcdatamodeld in Sources */ = {isa = PBXBuildFile; fileRef = 95A16B7F21E4F18F00C6B35D /* Location.xcdatamodeld */; };
		95A16B8421E4F3A800C6B35D /* Location.swift in Sources */ = {isa = PBXBuildFile; fileRef = 95A16B8321E4F3A800C6B35D /* Location.swift */; };
		95AC600E21ECE2030032020A /* ScrollableBottomSheetViewController.swift in Sources */ = {isa = PBXBuildFile; fileRef = 95AC600D21ECE2030032020A /* ScrollableBottomSheetViewController.swift */; };
		95AC601021ECE43C0032020A /* ScrollableBottomSheetViewController.xib in Resources */ = {isa = PBXBuildFile; fileRef = 95AC600F21ECE43C0032020A /* ScrollableBottomSheetViewController.xib */; };
		95B7FF1021EF3C7A00CED8B8 /* EurostileMedium.ttf in Resources */ = {isa = PBXBuildFile; fileRef = 95B7FF0E21EF38D700CED8B8 /* EurostileMedium.ttf */; };
		95B7FF1121EF3C7C00CED8B8 /* EurostileRegular.ttf in Resources */ = {isa = PBXBuildFile; fileRef = 95B7FF0C21EF373F00CED8B8 /* EurostileRegular.ttf */; };
		95B7FF1321EF3CE700CED8B8 /* EurostileBlack.ttf in Resources */ = {isa = PBXBuildFile; fileRef = 95B7FF1221EF3CE700CED8B8 /* EurostileBlack.ttf */; };
		95B7FF1921EF3DDD00CED8B8 /* EurostileBold.ttf in Resources */ = {isa = PBXBuildFile; fileRef = 95B7FF1821EF3DDD00CED8B8 /* EurostileBold.ttf */; };
		95B9A1E721CA8F5D00A2CDFB /* PlaceDetails.json in Resources */ = {isa = PBXBuildFile; fileRef = 95B9A1E621CA8F5D00A2CDFB /* PlaceDetails.json */; };
		95B9A1E921CA8FA900A2CDFB /* PlaceDetailsServiceTests.swift in Sources */ = {isa = PBXBuildFile; fileRef = 95B9A1E821CA8FA900A2CDFB /* PlaceDetailsServiceTests.swift */; };
		95C73BB621CC155A003564C9 /* UITableViewCell.swift in Sources */ = {isa = PBXBuildFile; fileRef = 95C73BB521CC1559003564C9 /* UITableViewCell.swift */; };
		95F30C7621ECA7BD00968588 /* CoreDataManager.swift in Sources */ = {isa = PBXBuildFile; fileRef = 95F30C7521ECA7BD00968588 /* CoreDataManager.swift */; };
/* End PBXBuildFile section */

/* Begin PBXContainerItemProxy section */
		9587403F21C3FB2900489865 /* PBXContainerItemProxy */ = {
			isa = PBXContainerItemProxy;
			containerPortal = 9587402221C3FB2800489865 /* Project object */;
			proxyType = 1;
			remoteGlobalIDString = 9587402921C3FB2800489865;
			remoteInfo = NearDiscovery;
		};
/* End PBXContainerItemProxy section */

/* Begin PBXFileReference section */
		20CBEEFAFA33DE8AEEB84325 /* Pods-NearDiscovery.debug.xcconfig */ = {isa = PBXFileReference; includeInIndex = 1; lastKnownFileType = text.xcconfig; name = "Pods-NearDiscovery.debug.xcconfig"; path = "Pods/Target Support Files/Pods-NearDiscovery/Pods-NearDiscovery.debug.xcconfig"; sourceTree = "<group>"; };
		5E59C1512F8A4D20250E92D0 /* Pods_NearDiscovery.framework */ = {isa = PBXFileReference; explicitFileType = wrapper.framework; includeInIndex = 0; path = Pods_NearDiscovery.framework; sourceTree = BUILT_PRODUCTS_DIR; };
		9501E6CA21CA3F8A00B15629 /* PlaceMarker.swift */ = {isa = PBXFileReference; lastKnownFileType = sourcecode.swift; path = PlaceMarker.swift; sourceTree = "<group>"; };
		950D315A21E4A34D0057D642 /* SecondMapViewController.swift */ = {isa = PBXFileReference; lastKnownFileType = sourcecode.swift; path = SecondMapViewController.swift; sourceTree = "<group>"; };
		95163AFD21EDF45600095614 /* MarkedLocationTableViewCell.swift */ = {isa = PBXFileReference; lastKnownFileType = sourcecode.swift; path = MarkedLocationTableViewCell.swift; sourceTree = "<group>"; };
		95163AFF21EDF64E00095614 /* MarkedLocationTableViewCell.xib */ = {isa = PBXFileReference; lastKnownFileType = file.xib; path = MarkedLocationTableViewCell.xib; sourceTree = "<group>"; };
		951AA04821DA25E000F2E4FC /* NearbyPlacesListViewController.swift */ = {isa = PBXFileReference; lastKnownFileType = sourcecode.swift; path = NearbyPlacesListViewController.swift; sourceTree = "<group>"; };
		951AA04B21DA5A5F00F2E4FC /* NearbyPlacesTableViewCell.swift */ = {isa = PBXFileReference; lastKnownFileType = sourcecode.swift; path = NearbyPlacesTableViewCell.swift; sourceTree = "<group>"; };
		953122EC21CA82EB007FCADC /* HomePageView.swift */ = {isa = PBXFileReference; lastKnownFileType = sourcecode.swift; path = HomePageView.swift; sourceTree = "<group>"; };
		953122F121CA8EA7007FCADC /* URLSessionFake.swift */ = {isa = PBXFileReference; lastKnownFileType = sourcecode.swift; path = URLSessionFake.swift; sourceTree = "<group>"; };
		953122F321CA8ED3007FCADC /* FakeResponseData.swift */ = {isa = PBXFileReference; lastKnownFileType = sourcecode.swift; path = FakeResponseData.swift; sourceTree = "<group>"; };
		953269AD21D5101400DCE5C8 /* PlaceSearch.swift */ = {isa = PBXFileReference; lastKnownFileType = sourcecode.swift; path = PlaceSearch.swift; sourceTree = "<group>"; };
		954A980321DE06B000AE2D8B /* PlaceDetails.swift */ = {isa = PBXFileReference; lastKnownFileType = sourcecode.swift; path = PlaceDetails.swift; sourceTree = "<group>"; };
		954A980521DE06C200AE2D8B /* GooglePlacesDetailsService.swift */ = {isa = PBXFileReference; lastKnownFileType = sourcecode.swift; path = GooglePlacesDetailsService.swift; sourceTree = "<group>"; };
		954A980721DE06FE00AE2D8B /* GooglePlacesSearchService.swift */ = {isa = PBXFileReference; lastKnownFileType = sourcecode.swift; path = GooglePlacesSearchService.swift; sourceTree = "<group>"; };
		954A980921DE18B700AE2D8B /* PlaceDetailsViewController.swift */ = {isa = PBXFileReference; lastKnownFileType = sourcecode.swift; path = PlaceDetailsViewController.swift; sourceTree = "<group>"; };
		954A980B21DE18E400AE2D8B /* PlaceDetailsView.swift */ = {isa = PBXFileReference; lastKnownFileType = sourcecode.swift; path = PlaceDetailsView.swift; sourceTree = "<group>"; };
		954A980D21DE486700AE2D8B /* Date.swift */ = {isa = PBXFileReference; lastKnownFileType = sourcecode.swift; path = Date.swift; sourceTree = "<group>"; };
		954A980F21DE496800AE2D8B /* MapViewController.swift */ = {isa = PBXFileReference; lastKnownFileType = sourcecode.swift; path = MapViewController.swift; sourceTree = "<group>"; };
		9552F07F21C7EE1D00BBBB03 /* Constants.swift */ = {isa = PBXFileReference; lastKnownFileType = sourcecode.swift; path = Constants.swift; sourceTree = "<group>"; };
		9578AD2A21D7BBDF00D2FE18 /* EncodeSansExpanded-ExtraBold.ttf */ = {isa = PBXFileReference; lastKnownFileType = file; path = "EncodeSansExpanded-ExtraBold.ttf"; sourceTree = "<group>"; };
		9587402A21C3FB2800489865 /* NearDiscovery.app */ = {isa = PBXFileReference; explicitFileType = wrapper.application; includeInIndex = 0; path = NearDiscovery.app; sourceTree = BUILT_PRODUCTS_DIR; };
		9587402D21C3FB2800489865 /* AppDelegate.swift */ = {isa = PBXFileReference; lastKnownFileType = sourcecode.swift; path = AppDelegate.swift; sourceTree = "<group>"; };
		9587403221C3FB2800489865 /* Base */ = {isa = PBXFileReference; lastKnownFileType = file.storyboard; name = Base; path = Base.lproj/Main.storyboard; sourceTree = "<group>"; };
		9587403421C3FB2900489865 /* Assets.xcassets */ = {isa = PBXFileReference; lastKnownFileType = folder.assetcatalog; path = Assets.xcassets; sourceTree = "<group>"; };
		9587403721C3FB2900489865 /* Base */ = {isa = PBXFileReference; lastKnownFileType = file.storyboard; name = Base; path = Base.lproj/LaunchScreen.storyboard; sourceTree = "<group>"; };
		9587403921C3FB2900489865 /* Info.plist */ = {isa = PBXFileReference; lastKnownFileType = text.plist.xml; path = Info.plist; sourceTree = "<group>"; };
		9587403E21C3FB2900489865 /* NearDiscoveryTests.xctest */ = {isa = PBXFileReference; explicitFileType = wrapper.cfbundle; includeInIndex = 0; path = NearDiscoveryTests.xctest; sourceTree = BUILT_PRODUCTS_DIR; };
		9587404421C3FB2900489865 /* Info.plist */ = {isa = PBXFileReference; lastKnownFileType = text.plist.xml; path = Info.plist; sourceTree = "<group>"; };
		9587405121C3FE2500489865 /* HomePageViewController.swift */ = {isa = PBXFileReference; lastKnownFileType = sourcecode.swift; path = HomePageViewController.swift; sourceTree = "<group>"; };
		9590E5FC21C950B00016A77F /* UIViewController.swift */ = {isa = PBXFileReference; lastKnownFileType = sourcecode.swift; path = UIViewController.swift; sourceTree = "<group>"; };
		959DFDCE21EF750500D1F57F /* ImageTableViewCell.swift */ = {isa = PBXFileReference; lastKnownFileType = sourcecode.swift; path = ImageTableViewCell.swift; sourceTree = "<group>"; };
		959DFDD021EF752100D1F57F /* NameAdressRatingLabelsTableViewCell.swift */ = {isa = PBXFileReference; lastKnownFileType = sourcecode.swift; path = NameAdressRatingLabelsTableViewCell.swift; sourceTree = "<group>"; };
		959DFDD321EF756B00D1F57F /* ScheduleTextViewOpenStateLabelTableViewCell.swift */ = {isa = PBXFileReference; lastKnownFileType = sourcecode.swift; path = ScheduleTextViewOpenStateLabelTableViewCell.swift; sourceTree = "<group>"; };
		959DFDD521EF758700D1F57F /* DiscoverButtonTableViewCell.swift */ = {isa = PBXFileReference; lastKnownFileType = sourcecode.swift; path = DiscoverButtonTableViewCell.swift; sourceTree = "<group>"; };
		959DFDD721EF75B700D1F57F /* CallShareFavoriteWebsiteButtonsTableViewCell.swift */ = {isa = PBXFileReference; lastKnownFileType = sourcecode.swift; path = CallShareFavoriteWebsiteButtonsTableViewCell.swift; sourceTree = "<group>"; };
		95A16B8021E4F18F00C6B35D /* Location.xcdatamodel */ = {isa = PBXFileReference; lastKnownFileType = wrapper.xcdatamodel; path = Location.xcdatamodel; sourceTree = "<group>"; };
		95A16B8321E4F3A800C6B35D /* Location.swift */ = {isa = PBXFileReference; lastKnownFileType = sourcecode.swift; path = Location.swift; sourceTree = "<group>"; };
		95AC600D21ECE2030032020A /* ScrollableBottomSheetViewController.swift */ = {isa = PBXFileReference; lastKnownFileType = sourcecode.swift; path = ScrollableBottomSheetViewController.swift; sourceTree = "<group>"; };
		95AC600F21ECE43C0032020A /* ScrollableBottomSheetViewController.xib */ = {isa = PBXFileReference; lastKnownFileType = file.xib; path = ScrollableBottomSheetViewController.xib; sourceTree = "<group>"; };
		95B7FF0C21EF373F00CED8B8 /* EurostileRegular.ttf */ = {isa = PBXFileReference; lastKnownFileType = file; path = EurostileRegular.ttf; sourceTree = "<group>"; };
		95B7FF0E21EF38D700CED8B8 /* EurostileMedium.ttf */ = {isa = PBXFileReference; lastKnownFileType = file; path = EurostileMedium.ttf; sourceTree = "<group>"; };
		95B7FF1221EF3CE700CED8B8 /* EurostileBlack.ttf */ = {isa = PBXFileReference; lastKnownFileType = file; path = EurostileBlack.ttf; sourceTree = "<group>"; };
		95B7FF1821EF3DDD00CED8B8 /* EurostileBold.ttf */ = {isa = PBXFileReference; lastKnownFileType = file; path = EurostileBold.ttf; sourceTree = "<group>"; };
		95B9A1E621CA8F5D00A2CDFB /* PlaceDetails.json */ = {isa = PBXFileReference; lastKnownFileType = text.json; path = PlaceDetails.json; sourceTree = "<group>"; };
		95B9A1E821CA8FA900A2CDFB /* PlaceDetailsServiceTests.swift */ = {isa = PBXFileReference; lastKnownFileType = sourcecode.swift; path = PlaceDetailsServiceTests.swift; sourceTree = "<group>"; };
		95C73BB521CC1559003564C9 /* UITableViewCell.swift */ = {isa = PBXFileReference; lastKnownFileType = sourcecode.swift; path = UITableViewCell.swift; sourceTree = "<group>"; };
		95F30C7521ECA7BD00968588 /* CoreDataManager.swift */ = {isa = PBXFileReference; lastKnownFileType = sourcecode.swift; path = CoreDataManager.swift; sourceTree = "<group>"; };
		9F3EEE89E711952FA97AC30B /* Pods-NearDiscovery.release.xcconfig */ = {isa = PBXFileReference; includeInIndex = 1; lastKnownFileType = text.xcconfig; name = "Pods-NearDiscovery.release.xcconfig"; path = "Pods/Target Support Files/Pods-NearDiscovery/Pods-NearDiscovery.release.xcconfig"; sourceTree = "<group>"; };
/* End PBXFileReference section */

/* Begin PBXFrameworksBuildPhase section */
		9587402721C3FB2800489865 /* Frameworks */ = {
			isa = PBXFrameworksBuildPhase;
			buildActionMask = 2147483647;
			files = (
				665127DA1C2EE4F3885A4852 /* Pods_NearDiscovery.framework in Frameworks */,
			);
			runOnlyForDeploymentPostprocessing = 0;
		};
		9587403B21C3FB2900489865 /* Frameworks */ = {
			isa = PBXFrameworksBuildPhase;
			buildActionMask = 2147483647;
			files = (
			);
			runOnlyForDeploymentPostprocessing = 0;
		};
/* End PBXFrameworksBuildPhase section */

/* Begin PBXGroup section */
		25A5C77638F801328A657E41 /* Frameworks */ = {
			isa = PBXGroup;
			children = (
				5E59C1512F8A4D20250E92D0 /* Pods_NearDiscovery.framework */,
			);
			name = Frameworks;
			sourceTree = "<group>";
		};
		951AA04A21DA5A3100F2E4FC /* TableViewCell */ = {
			isa = PBXGroup;
			children = (
				951AA04B21DA5A5F00F2E4FC /* NearbyPlacesTableViewCell.swift */,
				95163AFD21EDF45600095614 /* MarkedLocationTableViewCell.swift */,
				959DFDD221EF753100D1F57F /* PlaceDetailsTableViewCell */,
			);
			path = TableViewCell;
			sourceTree = "<group>";
		};
		953122EF21CA885F007FCADC /* UIView */ = {
			isa = PBXGroup;
			children = (
				953122EC21CA82EB007FCADC /* HomePageView.swift */,
				954A980B21DE18E400AE2D8B /* PlaceDetailsView.swift */,
			);
			path = UIView;
			sourceTree = "<group>";
		};
		953122F021CA8E92007FCADC /* Model */ = {
			isa = PBXGroup;
			children = (
				953122F121CA8EA7007FCADC /* URLSessionFake.swift */,
				953122F321CA8ED3007FCADC /* FakeResponseData.swift */,
				953122F521CA8F02007FCADC /* PlaceDetails */,
			);
			path = Model;
			sourceTree = "<group>";
		};
		953122F521CA8F02007FCADC /* PlaceDetails */ = {
			isa = PBXGroup;
			children = (
				95B9A1E621CA8F5D00A2CDFB /* PlaceDetails.json */,
				95B9A1E821CA8FA900A2CDFB /* PlaceDetailsServiceTests.swift */,
			);
			path = PlaceDetails;
			sourceTree = "<group>";
		};
		9587402121C3FB2800489865 = {
			isa = PBXGroup;
			children = (
				9587402C21C3FB2800489865 /* NearDiscovery */,
				9590E5FB21C9509D0016A77F /* Extensions */,
				9587405021C3FC0F00489865 /* Supporting Files */,
				9587404121C3FB2900489865 /* NearDiscoveryTests */,
				9587402B21C3FB2800489865 /* Products */,
				CE56B8537F9D214C03E8697D /* Pods */,
				25A5C77638F801328A657E41 /* Frameworks */,
			);
			sourceTree = "<group>";
		};
		9587402B21C3FB2800489865 /* Products */ = {
			isa = PBXGroup;
			children = (
				9587402A21C3FB2800489865 /* NearDiscovery.app */,
				9587403E21C3FB2900489865 /* NearDiscoveryTests.xctest */,
			);
			name = Products;
			sourceTree = "<group>";
		};
		9587402C21C3FB2800489865 /* NearDiscovery */ = {
			isa = PBXGroup;
			children = (
				9587404D21C3FBF700489865 /* Model */,
				9587404E21C3FBFF00489865 /* Controller */,
				9587404F21C3FC0500489865 /* View */,
				95E4575F21C54F99008BB555 /* Helpers */,
			);
			path = NearDiscovery;
			sourceTree = "<group>";
		};
		9587404121C3FB2900489865 /* NearDiscoveryTests */ = {
			isa = PBXGroup;
			children = (
				9587404421C3FB2900489865 /* Info.plist */,
				953122F021CA8E92007FCADC /* Model */,
			);
			path = NearDiscoveryTests;
			sourceTree = "<group>";
		};
		9587404D21C3FBF700489865 /* Model */ = {
			isa = PBXGroup;
			children = (
				9501E6CA21CA3F8A00B15629 /* PlaceMarker.swift */,
				95A16B8221E4F19600C6B35D /* CoreData */,
				9590E5F821C90BAB0016A77F /* Structures */,
				9587405321C3FE4500489865 /* Services */,
			);
			path = Model;
			sourceTree = "<group>";
		};
		9587404E21C3FBFF00489865 /* Controller */ = {
			isa = PBXGroup;
			children = (
				9587405121C3FE2500489865 /* HomePageViewController.swift */,
				951AA04821DA25E000F2E4FC /* NearbyPlacesListViewController.swift */,
				954A980921DE18B700AE2D8B /* PlaceDetailsViewController.swift */,
				954A980F21DE496800AE2D8B /* MapViewController.swift */,
				95AC600D21ECE2030032020A /* ScrollableBottomSheetViewController.swift */,
				950D315A21E4A34D0057D642 /* SecondMapViewController.swift */,
			);
			path = Controller;
			sourceTree = "<group>";
		};
		9587404F21C3FC0500489865 /* View */ = {
			isa = PBXGroup;
			children = (
				9587403121C3FB2800489865 /* Main.storyboard */,
				9587403621C3FB2900489865 /* LaunchScreen.storyboard */,
				95AC600F21ECE43C0032020A /* ScrollableBottomSheetViewController.xib */,
				95163AFF21EDF64E00095614 /* MarkedLocationTableViewCell.xib */,
				951AA04A21DA5A3100F2E4FC /* TableViewCell */,
				953122EF21CA885F007FCADC /* UIView */,
			);
			path = View;
			sourceTree = "<group>";
		};
		9587405021C3FC0F00489865 /* Supporting Files */ = {
			isa = PBXGroup;
			children = (
				9552F07F21C7EE1D00BBBB03 /* Constants.swift */,
				9587402D21C3FB2800489865 /* AppDelegate.swift */,
				9587403921C3FB2900489865 /* Info.plist */,
				9587403421C3FB2900489865 /* Assets.xcassets */,
				95B7FF1A21EF3E9000CED8B8 /* Ressources */,
			);
			path = "Supporting Files";
			sourceTree = "<group>";
		};
		9587405321C3FE4500489865 /* Services */ = {
			isa = PBXGroup;
			children = (
				954A980721DE06FE00AE2D8B /* GooglePlacesSearchService.swift */,
				954A980521DE06C200AE2D8B /* GooglePlacesDetailsService.swift */,
			);
			path = Services;
			sourceTree = "<group>";
		};
		9590E5F821C90BAB0016A77F /* Structures */ = {
			isa = PBXGroup;
			children = (
				953269AD21D5101400DCE5C8 /* PlaceSearch.swift */,
				954A980321DE06B000AE2D8B /* PlaceDetails.swift */,
			);
			path = Structures;
			sourceTree = "<group>";
		};
		9590E5FB21C9509D0016A77F /* Extensions */ = {
			isa = PBXGroup;
			children = (
				9590E5FC21C950B00016A77F /* UIViewController.swift */,
				95C73BB521CC1559003564C9 /* UITableViewCell.swift */,
				954A980D21DE486700AE2D8B /* Date.swift */,
			);
			path = Extensions;
			sourceTree = "<group>";
		};
		959DFDD221EF753100D1F57F /* PlaceDetailsTableViewCell */ = {
			isa = PBXGroup;
			children = (
				959DFDCE21EF750500D1F57F /* ImageTableViewCell.swift */,
				959DFDD021EF752100D1F57F /* NameAdressRatingLabelsTableViewCell.swift */,
				959DFDD321EF756B00D1F57F /* ScheduleTextViewOpenStateLabelTableViewCell.swift */,
				959DFDD521EF758700D1F57F /* DiscoverButtonTableViewCell.swift */,
				959DFDD721EF75B700D1F57F /* CallShareFavoriteWebsiteButtonsTableViewCell.swift */,
			);
			path = PlaceDetailsTableViewCell;
			sourceTree = "<group>";
		};
		95A16B8221E4F19600C6B35D /* CoreData */ = {
			isa = PBXGroup;
			children = (
				95A16B7F21E4F18F00C6B35D /* Location.xcdatamodeld */,
				95A16B8321E4F3A800C6B35D /* Location.swift */,
				95F30C7521ECA7BD00968588 /* CoreDataManager.swift */,
			);
			path = CoreData;
			sourceTree = "<group>";
		};
		95B7FF1A21EF3E9000CED8B8 /* Ressources */ = {
			isa = PBXGroup;
			children = (
				95B7FF0C21EF373F00CED8B8 /* EurostileRegular.ttf */,
				95B7FF0E21EF38D700CED8B8 /* EurostileMedium.ttf */,
				95B7FF1821EF3DDD00CED8B8 /* EurostileBold.ttf */,
				95B7FF1221EF3CE700CED8B8 /* EurostileBlack.ttf */,
				9578AD2A21D7BBDF00D2FE18 /* EncodeSansExpanded-ExtraBold.ttf */,
			);
			path = Ressources;
			sourceTree = "<group>";
		};
		95E4575F21C54F99008BB555 /* Helpers */ = {
			isa = PBXGroup;
			children = (
			);
			path = Helpers;
			sourceTree = "<group>";
		};
		CE56B8537F9D214C03E8697D /* Pods */ = {
			isa = PBXGroup;
			children = (
				20CBEEFAFA33DE8AEEB84325 /* Pods-NearDiscovery.debug.xcconfig */,
				9F3EEE89E711952FA97AC30B /* Pods-NearDiscovery.release.xcconfig */,
			);
			name = Pods;
			sourceTree = "<group>";
		};
/* End PBXGroup section */

/* Begin PBXNativeTarget section */
		9587402921C3FB2800489865 /* NearDiscovery */ = {
			isa = PBXNativeTarget;
			buildConfigurationList = 9587404721C3FB2900489865 /* Build configuration list for PBXNativeTarget "NearDiscovery" */;
			buildPhases = (
				9A054A248CC5326032E26D39 /* [CP] Check Pods Manifest.lock */,
				9587402621C3FB2800489865 /* Sources */,
				9587402721C3FB2800489865 /* Frameworks */,
				9587402821C3FB2800489865 /* Resources */,
				5D75FBC7F6FF8257A1FD3F87 /* [CP] Embed Pods Frameworks */,
			);
			buildRules = (
			);
			dependencies = (
			);
			name = NearDiscovery;
			productName = NearDiscovery;
			productReference = 9587402A21C3FB2800489865 /* NearDiscovery.app */;
			productType = "com.apple.product-type.application";
		};
		9587403D21C3FB2900489865 /* NearDiscoveryTests */ = {
			isa = PBXNativeTarget;
			buildConfigurationList = 9587404A21C3FB2900489865 /* Build configuration list for PBXNativeTarget "NearDiscoveryTests" */;
			buildPhases = (
				9587403A21C3FB2900489865 /* Sources */,
				9587403B21C3FB2900489865 /* Frameworks */,
				9587403C21C3FB2900489865 /* Resources */,
			);
			buildRules = (
			);
			dependencies = (
				9587404021C3FB2900489865 /* PBXTargetDependency */,
			);
			name = NearDiscoveryTests;
			productName = NearDiscoveryTests;
			productReference = 9587403E21C3FB2900489865 /* NearDiscoveryTests.xctest */;
			productType = "com.apple.product-type.bundle.unit-test";
		};
/* End PBXNativeTarget section */

/* Begin PBXProject section */
		9587402221C3FB2800489865 /* Project object */ = {
			isa = PBXProject;
			attributes = {
				LastSwiftUpdateCheck = 1000;
				LastUpgradeCheck = 1000;
				ORGANIZATIONNAME = "Christophe DURAND";
				TargetAttributes = {
					9587402921C3FB2800489865 = {
						CreatedOnToolsVersion = 10.0;
					};
					9587403D21C3FB2900489865 = {
						CreatedOnToolsVersion = 10.0;
						TestTargetID = 9587402921C3FB2800489865;
					};
				};
			};
			buildConfigurationList = 9587402521C3FB2800489865 /* Build configuration list for PBXProject "NearDiscovery" */;
			compatibilityVersion = "Xcode 9.3";
			developmentRegion = en;
			hasScannedForEncodings = 0;
			knownRegions = (
				en,
				Base,
			);
			mainGroup = 9587402121C3FB2800489865;
			productRefGroup = 9587402B21C3FB2800489865 /* Products */;
			projectDirPath = "";
			projectRoot = "";
			targets = (
				9587402921C3FB2800489865 /* NearDiscovery */,
				9587403D21C3FB2900489865 /* NearDiscoveryTests */,
			);
		};
/* End PBXProject section */

/* Begin PBXResourcesBuildPhase section */
		9587402821C3FB2800489865 /* Resources */ = {
			isa = PBXResourcesBuildPhase;
			buildActionMask = 2147483647;
			files = (
				95B7FF1921EF3DDD00CED8B8 /* EurostileBold.ttf in Resources */,
				95B7FF1321EF3CE700CED8B8 /* EurostileBlack.ttf in Resources */,
				95B7FF1121EF3C7C00CED8B8 /* EurostileRegular.ttf in Resources */,
				9578AD2B21D7BEF700D2FE18 /* EncodeSansExpanded-ExtraBold.ttf in Resources */,
				95AC601021ECE43C0032020A /* ScrollableBottomSheetViewController.xib in Resources */,
				9587403821C3FB2900489865 /* LaunchScreen.storyboard in Resources */,
				95B7FF1021EF3C7A00CED8B8 /* EurostileMedium.ttf in Resources */,
				95163B0021EDF64E00095614 /* MarkedLocationTableViewCell.xib in Resources */,
				9587403521C3FB2900489865 /* Assets.xcassets in Resources */,
				9587403321C3FB2800489865 /* Main.storyboard in Resources */,
			);
			runOnlyForDeploymentPostprocessing = 0;
		};
		9587403C21C3FB2900489865 /* Resources */ = {
			isa = PBXResourcesBuildPhase;
			buildActionMask = 2147483647;
			files = (
				95B9A1E721CA8F5D00A2CDFB /* PlaceDetails.json in Resources */,
			);
			runOnlyForDeploymentPostprocessing = 0;
		};
/* End PBXResourcesBuildPhase section */

/* Begin PBXShellScriptBuildPhase section */
		5D75FBC7F6FF8257A1FD3F87 /* [CP] Embed Pods Frameworks */ = {
			isa = PBXShellScriptBuildPhase;
			buildActionMask = 2147483647;
			files = (
			);
			inputFileListPaths = (
			);
			inputPaths = (
				"${SRCROOT}/Pods/Target Support Files/Pods-NearDiscovery/Pods-NearDiscovery-frameworks.sh",
				"${BUILT_PRODUCTS_DIR}/SDWebImage/SDWebImage.framework",
			);
			name = "[CP] Embed Pods Frameworks";
			outputFileListPaths = (
			);
			outputPaths = (
				"${TARGET_BUILD_DIR}/${FRAMEWORKS_FOLDER_PATH}/SDWebImage.framework",
			);
			runOnlyForDeploymentPostprocessing = 0;
			shellPath = /bin/sh;
			shellScript = "\"${SRCROOT}/Pods/Target Support Files/Pods-NearDiscovery/Pods-NearDiscovery-frameworks.sh\"\n";
			showEnvVarsInLog = 0;
		};
		9A054A248CC5326032E26D39 /* [CP] Check Pods Manifest.lock */ = {
			isa = PBXShellScriptBuildPhase;
			buildActionMask = 2147483647;
			files = (
			);
			inputFileListPaths = (
			);
			inputPaths = (
				"${PODS_PODFILE_DIR_PATH}/Podfile.lock",
				"${PODS_ROOT}/Manifest.lock",
			);
			name = "[CP] Check Pods Manifest.lock";
			outputFileListPaths = (
			);
			outputPaths = (
				"$(DERIVED_FILE_DIR)/Pods-NearDiscovery-checkManifestLockResult.txt",
			);
			runOnlyForDeploymentPostprocessing = 0;
			shellPath = /bin/sh;
			shellScript = "diff \"${PODS_PODFILE_DIR_PATH}/Podfile.lock\" \"${PODS_ROOT}/Manifest.lock\" > /dev/null\nif [ $? != 0 ] ; then\n    # print error to STDERR\n    echo \"error: The sandbox is not in sync with the Podfile.lock. Run 'pod install' or update your CocoaPods installation.\" >&2\n    exit 1\nfi\n# This output is used by Xcode 'outputs' to avoid re-running this script phase.\necho \"SUCCESS\" > \"${SCRIPT_OUTPUT_FILE_0}\"\n";
			showEnvVarsInLog = 0;
		};
/* End PBXShellScriptBuildPhase section */

/* Begin PBXSourcesBuildPhase section */
		9587402621C3FB2800489865 /* Sources */ = {
			isa = PBXSourcesBuildPhase;
			buildActionMask = 2147483647;
			files = (
				9587405221C3FE2500489865 /* HomePageViewController.swift in Sources */,
				953269AE21D5101400DCE5C8 /* PlaceSearch.swift in Sources */,
				954A980621DE06C200AE2D8B /* GooglePlacesDetailsService.swift in Sources */,
				95A16B8121E4F18F00C6B35D /* Location.xcdatamodeld in Sources */,
				951AA04921DA25E000F2E4FC /* NearbyPlacesListViewController.swift in Sources */,
				954A980421DE06B000AE2D8B /* PlaceDetails.swift in Sources */,
				954A980E21DE486700AE2D8B /* Date.swift in Sources */,
				959DFDD421EF756B00D1F57F /* ScheduleTextViewOpenStateLabelTableViewCell.swift in Sources */,
				954A980A21DE18B700AE2D8B /* PlaceDetailsViewController.swift in Sources */,
				959DFDD121EF752100D1F57F /* NameAdressRatingLabelsTableViewCell.swift in Sources */,
				954A980C21DE18E400AE2D8B /* PlaceDetailsView.swift in Sources */,
				959DFDCF21EF750500D1F57F /* ImageTableViewCell.swift in Sources */,
				95F30C7621ECA7BD00968588 /* CoreDataManager.swift in Sources */,
				959DFDD821EF75B700D1F57F /* CallShareFavoriteWebsiteButtonsTableViewCell.swift in Sources */,
				954A980821DE06FE00AE2D8B /* GooglePlacesSearchService.swift in Sources */,
				95A16B8421E4F3A800C6B35D /* Location.swift in Sources */,
				953122ED21CA82EB007FCADC /* HomePageView.swift in Sources */,
				95C73BB621CC155A003564C9 /* UITableViewCell.swift in Sources */,
				9587402E21C3FB2800489865 /* AppDelegate.swift in Sources */,
				954A981021DE496800AE2D8B /* MapViewController.swift in Sources */,
				950D315B21E4A34D0057D642 /* SecondMapViewController.swift in Sources */,
				9501E6CB21CA3F8A00B15629 /* PlaceMarker.swift in Sources */,
				95AC600E21ECE2030032020A /* ScrollableBottomSheetViewController.swift in Sources */,
				95163AFE21EDF45600095614 /* MarkedLocationTableViewCell.swift in Sources */,
				9590E5FD21C950B00016A77F /* UIViewController.swift in Sources */,
				951AA04C21DA5A5F00F2E4FC /* NearbyPlacesTableViewCell.swift in Sources */,
				9552F08021C7EE1D00BBBB03 /* Constants.swift in Sources */,
				959DFDD621EF758700D1F57F /* DiscoverButtonTableViewCell.swift in Sources */,
			);
			runOnlyForDeploymentPostprocessing = 0;
		};
		9587403A21C3FB2900489865 /* Sources */ = {
			isa = PBXSourcesBuildPhase;
			buildActionMask = 2147483647;
			files = (
				953122F221CA8EA7007FCADC /* URLSessionFake.swift in Sources */,
				95B9A1E921CA8FA900A2CDFB /* PlaceDetailsServiceTests.swift in Sources */,
				953122F421CA8ED3007FCADC /* FakeResponseData.swift in Sources */,
			);
			runOnlyForDeploymentPostprocessing = 0;
		};
/* End PBXSourcesBuildPhase section */

/* Begin PBXTargetDependency section */
		9587404021C3FB2900489865 /* PBXTargetDependency */ = {
			isa = PBXTargetDependency;
			target = 9587402921C3FB2800489865 /* NearDiscovery */;
			targetProxy = 9587403F21C3FB2900489865 /* PBXContainerItemProxy */;
		};
/* End PBXTargetDependency section */

/* Begin PBXVariantGroup section */
		9587403121C3FB2800489865 /* Main.storyboard */ = {
			isa = PBXVariantGroup;
			children = (
				9587403221C3FB2800489865 /* Base */,
			);
			name = Main.storyboard;
			sourceTree = "<group>";
		};
		9587403621C3FB2900489865 /* LaunchScreen.storyboard */ = {
			isa = PBXVariantGroup;
			children = (
				9587403721C3FB2900489865 /* Base */,
			);
			name = LaunchScreen.storyboard;
			sourceTree = "<group>";
		};
/* End PBXVariantGroup section */

/* Begin XCBuildConfiguration section */
		9587404521C3FB2900489865 /* Debug */ = {
			isa = XCBuildConfiguration;
			buildSettings = {
				ALWAYS_SEARCH_USER_PATHS = NO;
				CLANG_ANALYZER_NONNULL = YES;
				CLANG_ANALYZER_NUMBER_OBJECT_CONVERSION = YES_AGGRESSIVE;
				CLANG_CXX_LANGUAGE_STANDARD = "gnu++14";
				CLANG_CXX_LIBRARY = "libc++";
				CLANG_ENABLE_MODULES = YES;
				CLANG_ENABLE_OBJC_ARC = YES;
				CLANG_ENABLE_OBJC_WEAK = YES;
				CLANG_WARN_BLOCK_CAPTURE_AUTORELEASING = YES;
				CLANG_WARN_BOOL_CONVERSION = YES;
				CLANG_WARN_COMMA = YES;
				CLANG_WARN_CONSTANT_CONVERSION = YES;
				CLANG_WARN_DEPRECATED_OBJC_IMPLEMENTATIONS = YES;
				CLANG_WARN_DIRECT_OBJC_ISA_USAGE = YES_ERROR;
				CLANG_WARN_DOCUMENTATION_COMMENTS = YES;
				CLANG_WARN_EMPTY_BODY = YES;
				CLANG_WARN_ENUM_CONVERSION = YES;
				CLANG_WARN_INFINITE_RECURSION = YES;
				CLANG_WARN_INT_CONVERSION = YES;
				CLANG_WARN_NON_LITERAL_NULL_CONVERSION = YES;
				CLANG_WARN_OBJC_IMPLICIT_RETAIN_SELF = YES;
				CLANG_WARN_OBJC_LITERAL_CONVERSION = YES;
				CLANG_WARN_OBJC_ROOT_CLASS = YES_ERROR;
				CLANG_WARN_RANGE_LOOP_ANALYSIS = YES;
				CLANG_WARN_STRICT_PROTOTYPES = YES;
				CLANG_WARN_SUSPICIOUS_MOVE = YES;
				CLANG_WARN_UNGUARDED_AVAILABILITY = YES_AGGRESSIVE;
				CLANG_WARN_UNREACHABLE_CODE = YES;
				CLANG_WARN__DUPLICATE_METHOD_MATCH = YES;
				CODE_SIGN_IDENTITY = "iPhone Developer";
				COPY_PHASE_STRIP = NO;
				DEBUG_INFORMATION_FORMAT = dwarf;
				ENABLE_STRICT_OBJC_MSGSEND = YES;
				ENABLE_TESTABILITY = YES;
				GCC_C_LANGUAGE_STANDARD = gnu11;
				GCC_DYNAMIC_NO_PIC = NO;
				GCC_NO_COMMON_BLOCKS = YES;
				GCC_OPTIMIZATION_LEVEL = 0;
				GCC_PREPROCESSOR_DEFINITIONS = (
					"DEBUG=1",
					"$(inherited)",
				);
				GCC_WARN_64_TO_32_BIT_CONVERSION = YES;
				GCC_WARN_ABOUT_RETURN_TYPE = YES_ERROR;
				GCC_WARN_UNDECLARED_SELECTOR = YES;
				GCC_WARN_UNINITIALIZED_AUTOS = YES_AGGRESSIVE;
				GCC_WARN_UNUSED_FUNCTION = YES;
				GCC_WARN_UNUSED_VARIABLE = YES;
				IPHONEOS_DEPLOYMENT_TARGET = 12.0;
				MTL_ENABLE_DEBUG_INFO = INCLUDE_SOURCE;
				MTL_FAST_MATH = YES;
				ONLY_ACTIVE_ARCH = YES;
				SDKROOT = iphoneos;
				SWIFT_ACTIVE_COMPILATION_CONDITIONS = DEBUG;
				SWIFT_OPTIMIZATION_LEVEL = "-Onone";
			};
			name = Debug;
		};
		9587404621C3FB2900489865 /* Release */ = {
			isa = XCBuildConfiguration;
			buildSettings = {
				ALWAYS_SEARCH_USER_PATHS = NO;
				CLANG_ANALYZER_NONNULL = YES;
				CLANG_ANALYZER_NUMBER_OBJECT_CONVERSION = YES_AGGRESSIVE;
				CLANG_CXX_LANGUAGE_STANDARD = "gnu++14";
				CLANG_CXX_LIBRARY = "libc++";
				CLANG_ENABLE_MODULES = YES;
				CLANG_ENABLE_OBJC_ARC = YES;
				CLANG_ENABLE_OBJC_WEAK = YES;
				CLANG_WARN_BLOCK_CAPTURE_AUTORELEASING = YES;
				CLANG_WARN_BOOL_CONVERSION = YES;
				CLANG_WARN_COMMA = YES;
				CLANG_WARN_CONSTANT_CONVERSION = YES;
				CLANG_WARN_DEPRECATED_OBJC_IMPLEMENTATIONS = YES;
				CLANG_WARN_DIRECT_OBJC_ISA_USAGE = YES_ERROR;
				CLANG_WARN_DOCUMENTATION_COMMENTS = YES;
				CLANG_WARN_EMPTY_BODY = YES;
				CLANG_WARN_ENUM_CONVERSION = YES;
				CLANG_WARN_INFINITE_RECURSION = YES;
				CLANG_WARN_INT_CONVERSION = YES;
				CLANG_WARN_NON_LITERAL_NULL_CONVERSION = YES;
				CLANG_WARN_OBJC_IMPLICIT_RETAIN_SELF = YES;
				CLANG_WARN_OBJC_LITERAL_CONVERSION = YES;
				CLANG_WARN_OBJC_ROOT_CLASS = YES_ERROR;
				CLANG_WARN_RANGE_LOOP_ANALYSIS = YES;
				CLANG_WARN_STRICT_PROTOTYPES = YES;
				CLANG_WARN_SUSPICIOUS_MOVE = YES;
				CLANG_WARN_UNGUARDED_AVAILABILITY = YES_AGGRESSIVE;
				CLANG_WARN_UNREACHABLE_CODE = YES;
				CLANG_WARN__DUPLICATE_METHOD_MATCH = YES;
				CODE_SIGN_IDENTITY = "iPhone Developer";
				COPY_PHASE_STRIP = NO;
				DEBUG_INFORMATION_FORMAT = "dwarf-with-dsym";
				ENABLE_NS_ASSERTIONS = NO;
				ENABLE_STRICT_OBJC_MSGSEND = YES;
				GCC_C_LANGUAGE_STANDARD = gnu11;
				GCC_NO_COMMON_BLOCKS = YES;
				GCC_WARN_64_TO_32_BIT_CONVERSION = YES;
				GCC_WARN_ABOUT_RETURN_TYPE = YES_ERROR;
				GCC_WARN_UNDECLARED_SELECTOR = YES;
				GCC_WARN_UNINITIALIZED_AUTOS = YES_AGGRESSIVE;
				GCC_WARN_UNUSED_FUNCTION = YES;
				GCC_WARN_UNUSED_VARIABLE = YES;
				IPHONEOS_DEPLOYMENT_TARGET = 12.0;
				MTL_ENABLE_DEBUG_INFO = NO;
				MTL_FAST_MATH = YES;
				SDKROOT = iphoneos;
				SWIFT_COMPILATION_MODE = wholemodule;
				SWIFT_OPTIMIZATION_LEVEL = "-O";
				VALIDATE_PRODUCT = YES;
			};
			name = Release;
		};
		9587404821C3FB2900489865 /* Debug */ = {
			isa = XCBuildConfiguration;
			baseConfigurationReference = 20CBEEFAFA33DE8AEEB84325 /* Pods-NearDiscovery.debug.xcconfig */;
			buildSettings = {
				ASSETCATALOG_COMPILER_APPICON_NAME = AppIcon;
				CODE_SIGN_STYLE = Automatic;
				DEVELOPMENT_TEAM = SYU76B2V84;
				FRAMEWORK_SEARCH_PATHS = "$(inherited)";
				INFOPLIST_FILE = "$(SRCROOT)/Supporting Files/Info.plist";
				IPHONEOS_DEPLOYMENT_TARGET = 12.0;
				LD_RUNPATH_SEARCH_PATHS = (
					"$(inherited)",
					"@executable_path/Frameworks",
				);
				PRODUCT_BUNDLE_IDENTIFIER = com.christophedurand.NearDiscovery;
				PRODUCT_NAME = "$(TARGET_NAME)";
				SWIFT_VERSION = 4.2;
				TARGETED_DEVICE_FAMILY = "1,2";
			};
			name = Debug;
		};
		9587404921C3FB2900489865 /* Release */ = {
			isa = XCBuildConfiguration;
			baseConfigurationReference = 9F3EEE89E711952FA97AC30B /* Pods-NearDiscovery.release.xcconfig */;
			buildSettings = {
				ASSETCATALOG_COMPILER_APPICON_NAME = AppIcon;
				CODE_SIGN_STYLE = Automatic;
				DEVELOPMENT_TEAM = SYU76B2V84;
				INFOPLIST_FILE = "$(SRCROOT)/Supporting Files/Info.plist";
				IPHONEOS_DEPLOYMENT_TARGET = 12.0;
				LD_RUNPATH_SEARCH_PATHS = (
					"$(inherited)",
					"@executable_path/Frameworks",
				);
				PRODUCT_BUNDLE_IDENTIFIER = com.christophedurand.NearDiscovery;
				PRODUCT_NAME = "$(TARGET_NAME)";
				SWIFT_VERSION = 4.2;
				TARGETED_DEVICE_FAMILY = "1,2";
			};
			name = Release;
		};
		9587404B21C3FB2900489865 /* Debug */ = {
			isa = XCBuildConfiguration;
			buildSettings = {
				ALWAYS_EMBED_SWIFT_STANDARD_LIBRARIES = YES;
				BUNDLE_LOADER = "$(TEST_HOST)";
				CODE_SIGN_STYLE = Automatic;
				DEVELOPMENT_TEAM = SYU76B2V84;
				INFOPLIST_FILE = NearDiscoveryTests/Info.plist;
				LD_RUNPATH_SEARCH_PATHS = (
					"$(inherited)",
					"@executable_path/Frameworks",
					"@loader_path/Frameworks",
				);
				PRODUCT_BUNDLE_IDENTIFIER = com.christophedurand.NearDiscoveryTests;
				PRODUCT_NAME = "$(TARGET_NAME)";
				SWIFT_VERSION = 4.2;
				TARGETED_DEVICE_FAMILY = "1,2";
				TEST_HOST = "$(BUILT_PRODUCTS_DIR)/NearDiscovery.app/NearDiscovery";
			};
			name = Debug;
		};
		9587404C21C3FB2900489865 /* Release */ = {
			isa = XCBuildConfiguration;
			buildSettings = {
				ALWAYS_EMBED_SWIFT_STANDARD_LIBRARIES = YES;
				BUNDLE_LOADER = "$(TEST_HOST)";
				CODE_SIGN_STYLE = Automatic;
				DEVELOPMENT_TEAM = SYU76B2V84;
				INFOPLIST_FILE = NearDiscoveryTests/Info.plist;
				LD_RUNPATH_SEARCH_PATHS = (
					"$(inherited)",
					"@executable_path/Frameworks",
					"@loader_path/Frameworks",
				);
				PRODUCT_BUNDLE_IDENTIFIER = com.christophedurand.NearDiscoveryTests;
				PRODUCT_NAME = "$(TARGET_NAME)";
				SWIFT_VERSION = 4.2;
				TARGETED_DEVICE_FAMILY = "1,2";
				TEST_HOST = "$(BUILT_PRODUCTS_DIR)/NearDiscovery.app/NearDiscovery";
			};
			name = Release;
		};
/* End XCBuildConfiguration section */

/* Begin XCConfigurationList section */
		9587402521C3FB2800489865 /* Build configuration list for PBXProject "NearDiscovery" */ = {
			isa = XCConfigurationList;
			buildConfigurations = (
				9587404521C3FB2900489865 /* Debug */,
				9587404621C3FB2900489865 /* Release */,
			);
			defaultConfigurationIsVisible = 0;
			defaultConfigurationName = Release;
		};
		9587404721C3FB2900489865 /* Build configuration list for PBXNativeTarget "NearDiscovery" */ = {
			isa = XCConfigurationList;
			buildConfigurations = (
				9587404821C3FB2900489865 /* Debug */,
				9587404921C3FB2900489865 /* Release */,
			);
			defaultConfigurationIsVisible = 0;
			defaultConfigurationName = Release;
		};
		9587404A21C3FB2900489865 /* Build configuration list for PBXNativeTarget "NearDiscoveryTests" */ = {
			isa = XCConfigurationList;
			buildConfigurations = (
				9587404B21C3FB2900489865 /* Debug */,
				9587404C21C3FB2900489865 /* Release */,
			);
			defaultConfigurationIsVisible = 0;
			defaultConfigurationName = Release;
		};
/* End XCConfigurationList section */

/* Begin XCVersionGroup section */
		95A16B7F21E4F18F00C6B35D /* Location.xcdatamodeld */ = {
			isa = XCVersionGroup;
			children = (
				95A16B8021E4F18F00C6B35D /* Location.xcdatamodel */,
			);
			currentVersion = 95A16B8021E4F18F00C6B35D /* Location.xcdatamodel */;
			path = Location.xcdatamodeld;
			sourceTree = "<group>";
			versionGroupType = wrapper.xcdatamodel;
		};
/* End XCVersionGroup section */
	};
	rootObject = 9587402221C3FB2800489865 /* Project object */;
}
